
Microsoft Visual Studio Solution File, Format Version 11.00
# Visual Studio 2010
Project("{FAE04EC0-301F-11D3-BF4B-00C04F79EFBC}") = "Par2NET", "Par2NET\Par2NET.csproj", "{E05C1D72-80B5-4B77-829D-CCE04D545F65}"
EndProject
Project("{FAE04EC0-301F-11D3-BF4B-00C04F79EFBC}") = "Par2NET.Console", "Par2NET.Console\Par2NET.Console.csproj", "{65B546B2-378D-4A83-9A4E-EC1A8A45069C}"
EndProject
Project("{2150E333-8FDC-42A3-9474-1A3956D46DE8}") = "CRC32", "CRC32", "{F4173085-4B12-441F-A5F9-E9C2E01F5705}"
EndProject
Project("{2150E333-8FDC-42A3-9474-1A3956D46DE8}") = "PAR2", "PAR2", "{31685F6B-D1C8-4C06-91F8-ABA9C96AC20B}"
EndProject
Project("{FAE04EC0-301F-11D3-BF4B-00C04F79EFBC}") = "FastCRC32", "FastCRC32\FastCRC32.csproj", "{B9397654-166D-4D5C-AF78-43CEF6F6A906}"
EndProject
Project("{2150E333-8FDC-42A3-9474-1A3956D46DE8}") = "FastGaloisFields", "FastGaloisFields", "{21F6E570-1521-453F-941A-1824E49AC0F1}"
EndProject
Project("{FAE04EC0-301F-11D3-BF4B-00C04F79EFBC}") = "FastGaloisFields", "FastGaloisFields\FastGaloisFields\FastGaloisFields.csproj", "{2D8D74BA-12FD-47BE-A84F-D9BE25D60AB5}"
EndProject
Project("{2150E333-8FDC-42A3-9474-1A3956D46DE8}") = "Solution Items", "Solution Items", "{AE0B7DE2-B26B-4B31-857C-9C1250C94A6E}"
EndProject
Project("{FAE04EC0-301F-11D3-BF4B-00C04F79EFBC}") = "Par2NET.Interfaces", "Par2NET.Interfaces\Par2NET.Interfaces.csproj", "{FE5AAFEC-6C23-4179-8165-0720DD806688}"
EndProject
Project("{FAE04EC0-301F-11D3-BF4B-00C04F79EFBC}") = "FastGaloisFieldsUnsafe", "FastGaloisFieldsUnsafe\FastGaloisFieldsUnsafe.csproj", "{5F9D08C3-75CD-49AE-9F7D-F564AF67975A}"
	ProjectSection(ProjectDependencies) = postProject
		{7C9526A0-529E-4A91-A76C-367535B8A6D7} = {7C9526A0-529E-4A91-A76C-367535B8A6D7}
	EndProjectSection
EndProject
Project("{FAE04EC0-301F-11D3-BF4B-00C04F79EFBC}") = "GaloisFields", "GaloisFields\GaloisFields.csproj", "{C85D3FAD-7809-45E6-9302-DD9D3567B703}"
EndProject
Project("{8BC9CEB8-8B4A-11D0-8D11-00A0C91BC942}") = "FastGaloisFieldsNative", "FastGaloisFields\FastGaloisFieldsNative\FastGaloisFieldsNative.vcxproj", "{7C9526A0-529E-4A91-A76C-367535B8A6D7}"
EndProject
Global
	GlobalSection(SolutionConfigurationPlatforms) = preSolution
		Debug|Any CPU = Debug|Any CPU
		Debug|Mixed Platforms = Debug|Mixed Platforms
		Debug|Win32 = Debug|Win32
		Debug|x64 = Debug|x64
		Debug|x86 = Debug|x86
		Release|Any CPU = Release|Any CPU
		Release|Mixed Platforms = Release|Mixed Platforms
		Release|Win32 = Release|Win32
		Release|x64 = Release|x64
		Release|x86 = Release|x86
	EndGlobalSection
	GlobalSection(ProjectConfigurationPlatforms) = postSolution
		{E05C1D72-80B5-4B77-829D-CCE04D545F65}.Debug|Any CPU.ActiveCfg = Debug|Any CPU
		{E05C1D72-80B5-4B77-829D-CCE04D545F65}.Debug|Any CPU.Build.0 = Debug|Any CPU
		{E05C1D72-80B5-4B77-829D-CCE04D545F65}.Debug|Mixed Platforms.ActiveCfg = Debug|Any CPU
		{E05C1D72-80B5-4B77-829D-CCE04D545F65}.Debug|Mixed Platforms.Build.0 = Debug|Any CPU
		{E05C1D72-80B5-4B77-829D-CCE04D545F65}.Debug|Win32.ActiveCfg = Debug|Any CPU
		{E05C1D72-80B5-4B77-829D-CCE04D545F65}.Debug|x64.ActiveCfg = Debug|Any CPU
		{E05C1D72-80B5-4B77-829D-CCE04D545F65}.Debug|x86.ActiveCfg = Debug|Any CPU
		{E05C1D72-80B5-4B77-829D-CCE04D545F65}.Debug|x86.Build.0 = Debug|Any CPU
		{E05C1D72-80B5-4B77-829D-CCE04D545F65}.Release|Any CPU.ActiveCfg = Release|Any CPU
		{E05C1D72-80B5-4B77-829D-CCE04D545F65}.Release|Any CPU.Build.0 = Release|Any CPU
		{E05C1D72-80B5-4B77-829D-CCE04D545F65}.Release|Mixed Platforms.ActiveCfg = Release|Any CPU
		{E05C1D72-80B5-4B77-829D-CCE04D545F65}.Release|Mixed Platforms.Build.0 = Release|Any CPU
		{E05C1D72-80B5-4B77-829D-CCE04D545F65}.Release|Win32.ActiveCfg = Release|Any CPU
		{E05C1D72-80B5-4B77-829D-CCE04D545F65}.Release|x64.ActiveCfg = Release|Any CPU
		{E05C1D72-80B5-4B77-829D-CCE04D545F65}.Release|x86.ActiveCfg = Release|Any CPU
		{65B546B2-378D-4A83-9A4E-EC1A8A45069C}.Debug|Any CPU.ActiveCfg = Debug|x86
		{65B546B2-378D-4A83-9A4E-EC1A8A45069C}.Debug|Any CPU.Build.0 = Debug|x86
		{65B546B2-378D-4A83-9A4E-EC1A8A45069C}.Debug|Mixed Platforms.ActiveCfg = Debug|x86
		{65B546B2-378D-4A83-9A4E-EC1A8A45069C}.Debug|Mixed Platforms.Build.0 = Debug|x86
		{65B546B2-378D-4A83-9A4E-EC1A8A45069C}.Debug|Win32.ActiveCfg = Debug|x86
		{65B546B2-378D-4A83-9A4E-EC1A8A45069C}.Debug|x64.ActiveCfg = Debug|x86
		{65B546B2-378D-4A83-9A4E-EC1A8A45069C}.Debug|x86.ActiveCfg = Debug|x86
		{65B546B2-378D-4A83-9A4E-EC1A8A45069C}.Debug|x86.Build.0 = Debug|x86
		{65B546B2-378D-4A83-9A4E-EC1A8A45069C}.Release|Any CPU.ActiveCfg = Release|x86
		{65B546B2-378D-4A83-9A4E-EC1A8A45069C}.Release|Any CPU.Build.0 = Release|x86
		{65B546B2-378D-4A83-9A4E-EC1A8A45069C}.Release|Mixed Platforms.ActiveCfg = Release|x86
		{65B546B2-378D-4A83-9A4E-EC1A8A45069C}.Release|Mixed Platforms.Build.0 = Release|x86
		{65B546B2-378D-4A83-9A4E-EC1A8A45069C}.Release|Win32.ActiveCfg = Release|x86
		{65B546B2-378D-4A83-9A4E-EC1A8A45069C}.Release|x64.ActiveCfg = Release|x86
		{65B546B2-378D-4A83-9A4E-EC1A8A45069C}.Release|x86.ActiveCfg = Release|x86
		{65B546B2-378D-4A83-9A4E-EC1A8A45069C}.Release|x86.Build.0 = Release|x86
		{B9397654-166D-4D5C-AF78-43CEF6F6A906}.Debug|Any CPU.ActiveCfg = Debug|Any CPU
		{B9397654-166D-4D5C-AF78-43CEF6F6A906}.Debug|Any CPU.Build.0 = Debug|Any CPU
		{B9397654-166D-4D5C-AF78-43CEF6F6A906}.Debug|Mixed Platforms.ActiveCfg = Debug|Any CPU
		{B9397654-166D-4D5C-AF78-43CEF6F6A906}.Debug|Mixed Platforms.Build.0 = Debug|Any CPU
		{B9397654-166D-4D5C-AF78-43CEF6F6A906}.Debug|Win32.ActiveCfg = Debug|Any CPU
		{B9397654-166D-4D5C-AF78-43CEF6F6A906}.Debug|x64.ActiveCfg = Debug|Any CPU
		{B9397654-166D-4D5C-AF78-43CEF6F6A906}.Debug|x86.ActiveCfg = Debug|Any CPU
		{B9397654-166D-4D5C-AF78-43CEF6F6A906}.Debug|x86.Build.0 = Debug|Any CPU
		{B9397654-166D-4D5C-AF78-43CEF6F6A906}.Release|Any CPU.ActiveCfg = Release|Any CPU
		{B9397654-166D-4D5C-AF78-43CEF6F6A906}.Release|Any CPU.Build.0 = Release|Any CPU
		{B9397654-166D-4D5C-AF78-43CEF6F6A906}.Release|Mixed Platforms.ActiveCfg = Release|Any CPU
		{B9397654-166D-4D5C-AF78-43CEF6F6A906}.Release|Mixed Platforms.Build.0 = Release|Any CPU
		{B9397654-166D-4D5C-AF78-43CEF6F6A906}.Release|Win32.ActiveCfg = Release|Any CPU
		{B9397654-166D-4D5C-AF78-43CEF6F6A906}.Release|x64.ActiveCfg = Release|Any CPU
		{B9397654-166D-4D5C-AF78-43CEF6F6A906}.Release|x86.ActiveCfg = Release|Any CPU
		{2D8D74BA-12FD-47BE-A84F-D9BE25D60AB5}.Debug|Any CPU.ActiveCfg = Debug|Any CPU
		{2D8D74BA-12FD-47BE-A84F-D9BE25D60AB5}.Debug|Any CPU.Build.0 = Debug|Any CPU
		{2D8D74BA-12FD-47BE-A84F-D9BE25D60AB5}.Debug|Mixed Platforms.ActiveCfg = Debug|Any CPU
		{2D8D74BA-12FD-47BE-A84F-D9BE25D60AB5}.Debug|Mixed Platforms.Build.0 = Debug|Any CPU
		{2D8D74BA-12FD-47BE-A84F-D9BE25D60AB5}.Debug|Win32.ActiveCfg = Debug|Any CPU
		{2D8D74BA-12FD-47BE-A84F-D9BE25D60AB5}.Debug|x64.ActiveCfg = Debug|Any CPU
		{2D8D74BA-12FD-47BE-A84F-D9BE25D60AB5}.Debug|x86.ActiveCfg = Debug|Any CPU
		{2D8D74BA-12FD-47BE-A84F-D9BE25D60AB5}.Debug|x86.Build.0 = Debug|Any CPU
		{2D8D74BA-12FD-47BE-A84F-D9BE25D60AB5}.Release|Any CPU.ActiveCfg = Release|Any CPU
		{2D8D74BA-12FD-47BE-A84F-D9BE25D60AB5}.Release|Any CPU.Build.0 = Release|Any CPU
		{2D8D74BA-12FD-47BE-A84F-D9BE25D60AB5}.Release|Mixed Platforms.ActiveCfg = Release|Any CPU
		{2D8D74BA-12FD-47BE-A84F-D9BE25D60AB5}.Release|Mixed Platforms.Build.0 = Release|Any CPU
		{2D8D74BA-12FD-47BE-A84F-D9BE25D60AB5}.Release|Win32.ActiveCfg = Release|Any CPU
		{2D8D74BA-12FD-47BE-A84F-D9BE25D60AB5}.Release|x64.ActiveCfg = Release|Any CPU
		{2D8D74BA-12FD-47BE-A84F-D9BE25D60AB5}.Release|x86.ActiveCfg = Release|Any CPU
		{FE5AAFEC-6C23-4179-8165-0720DD806688}.Debug|Any CPU.ActiveCfg = Debug|Any CPU
		{FE5AAFEC-6C23-4179-8165-0720DD806688}.Debug|Any CPU.Build.0 = Debug|Any CPU
		{FE5AAFEC-6C23-4179-8165-0720DD806688}.Debug|Mixed Platforms.ActiveCfg = Debug|Any CPU
		{FE5AAFEC-6C23-4179-8165-0720DD806688}.Debug|Mixed Platforms.Build.0 = Debug|Any CPU
		{FE5AAFEC-6C23-4179-8165-0720DD806688}.Debug|Win32.ActiveCfg = Debug|Any CPU
		{FE5AAFEC-6C23-4179-8165-0720DD806688}.Debug|x64.ActiveCfg = Debug|Any CPU
		{FE5AAFEC-6C23-4179-8165-0720DD806688}.Debug|x86.ActiveCfg = Debug|Any CPU
		{FE5AAFEC-6C23-4179-8165-0720DD806688}.Release|Any CPU.ActiveCfg = Release|Any CPU
		{FE5AAFEC-6C23-4179-8165-0720DD806688}.Release|Any CPU.Build.0 = Release|Any CPU
		{FE5AAFEC-6C23-4179-8165-0720DD806688}.Release|Mixed Platforms.ActiveCfg = Release|Any CPU
		{FE5AAFEC-6C23-4179-8165-0720DD806688}.Release|Mixed Platforms.Build.0 = Release|Any CPU
		{FE5AAFEC-6C23-4179-8165-0720DD806688}.Release|Win32.ActiveCfg = Release|Any CPU
		{FE5AAFEC-6C23-4179-8165-0720DD806688}.Release|x64.ActiveCfg = Release|Any CPU
		{FE5AAFEC-6C23-4179-8165-0720DD806688}.Release|x86.ActiveCfg = Release|Any CPU
		{5F9D08C3-75CD-49AE-9F7D-F564AF67975A}.Debug|Any CPU.ActiveCfg = Debug|Any CPU
		{5F9D08C3-75CD-49AE-9F7D-F564AF67975A}.Debug|Any CPU.Build.0 = Debug|Any CPU
		{5F9D08C3-75CD-49AE-9F7D-F564AF67975A}.Debug|Mixed Platforms.ActiveCfg = Debug|Any CPU
		{5F9D08C3-75CD-49AE-9F7D-F564AF67975A}.Debug|Mixed Platforms.Build.0 = Debug|Any CPU
		{5F9D08C3-75CD-49AE-9F7D-F564AF67975A}.Debug|Win32.ActiveCfg = Debug|Any CPU
		{5F9D08C3-75CD-49AE-9F7D-F564AF67975A}.Debug|x64.ActiveCfg = Debug|Any CPU
		{5F9D08C3-75CD-49AE-9F7D-F564AF67975A}.Debug|x86.ActiveCfg = Debug|Any CPU
		{5F9D08C3-75CD-49AE-9F7D-F564AF67975A}.Release|Any CPU.ActiveCfg = Release|Any CPU
		{5F9D08C3-75CD-49AE-9F7D-F564AF67975A}.Release|Any CPU.Build.0 = Release|Any CPU
		{5F9D08C3-75CD-49AE-9F7D-F564AF67975A}.Release|Mixed Platforms.ActiveCfg = Release|Any CPU
		{5F9D08C3-75CD-49AE-9F7D-F564AF67975A}.Release|Mixed Platforms.Build.0 = Release|Any CPU
		{5F9D08C3-75CD-49AE-9F7D-F564AF67975A}.Release|Win32.ActiveCfg = Release|Any CPU
		{5F9D08C3-75CD-49AE-9F7D-F564AF67975A}.Release|x64.ActiveCfg = Release|Any CPU
		{5F9D08C3-75CD-49AE-9F7D-F564AF67975A}.Release|x86.ActiveCfg = Release|Any CPU
		{C85D3FAD-7809-45E6-9302-DD9D3567B703}.Debug|Any CPU.ActiveCfg = Debug|Any CPU
		{C85D3FAD-7809-45E6-9302-DD9D3567B703}.Debug|Any CPU.Build.0 = Debug|Any CPU
		{C85D3FAD-7809-45E6-9302-DD9D3567B703}.Debug|Mixed Platforms.ActiveCfg = Debug|Any CPU
		{C85D3FAD-7809-45E6-9302-DD9D3567B703}.Debug|Mixed Platforms.Build.0 = Debug|Any CPU
		{C85D3FAD-7809-45E6-9302-DD9D3567B703}.Debug|Win32.ActiveCfg = Debug|Any CPU
		{C85D3FAD-7809-45E6-9302-DD9D3567B703}.Debug|x64.ActiveCfg = Debug|Any CPU
		{C85D3FAD-7809-45E6-9302-DD9D3567B703}.Debug|x86.ActiveCfg = Debug|Any CPU
		{C85D3FAD-7809-45E6-9302-DD9D3567B703}.Release|Any CPU.ActiveCfg = Release|Any CPU
		{C85D3FAD-7809-45E6-9302-DD9D3567B703}.Release|Any CPU.Build.0 = Release|Any CPU
		{C85D3FAD-7809-45E6-9302-DD9D3567B703}.Release|Mixed Platforms.ActiveCfg = Release|Any CPU
		{C85D3FAD-7809-45E6-9302-DD9D3567B703}.Release|Mixed Platforms.Build.0 = Release|Any CPU
		{C85D3FAD-7809-45E6-9302-DD9D3567B703}.Release|Win32.ActiveCfg = Release|Any CPU
		{C85D3FAD-7809-45E6-9302-DD9D3567B703}.Release|x64.ActiveCfg = Release|Any CPU
		{C85D3FAD-7809-45E6-9302-DD9D3567B703}.Release|x86.ActiveCfg = Release|Any CPU
		{7C9526A0-529E-4A91-A76C-367535B8A6D7}.Debug|Any CPU.ActiveCfg = Debug|Win32
		{7C9526A0-529E-4A91-A76C-367535B8A6D7}.Debug|Mixed Platforms.ActiveCfg = Debug|Win32
		{7C9526A0-529E-4A91-A76C-367535B8A6D7}.Debug|Mixed Platforms.Build.0 = Debug|Win32
		{7C9526A0-529E-4A91-A76C-367535B8A6D7}.Debug|Win32.ActiveCfg = Debug|Win32
		{7C9526A0-529E-4A91-A76C-367535B8A6D7}.Debug|Win32.Build.0 = Debug|Win32
		{7C9526A0-529E-4A91-A76C-367535B8A6D7}.Debug|x64.ActiveCfg = Debug|x64
		{7C9526A0-529E-4A91-A76C-367535B8A6D7}.Debug|x64.Build.0 = Debug|x64
		{7C9526A0-529E-4A91-A76C-367535B8A6D7}.Debug|x86.ActiveCfg = Debug|Win32
		{7C9526A0-529E-4A91-A76C-367535B8A6D7}.Release|Any CPU.ActiveCfg = Release|x64
		{7C9526A0-529E-4A91-A76C-367535B8A6D7}.Release|Any CPU.Build.0 = Release|x64
		{7C9526A0-529E-4A91-A76C-367535B8A6D7}.Release|Mixed Platforms.ActiveCfg = Release|Win32
		{7C9526A0-529E-4A91-A76C-367535B8A6D7}.Release|Mixed Platforms.Build.0 = Release|Win32
		{7C9526A0-529E-4A91-A76C-367535B8A6D7}.Release|Win32.ActiveCfg = Release|Win32
		{7C9526A0-529E-4A91-A76C-367535B8A6D7}.Release|Win32.Build.0 = Release|Win32
		{7C9526A0-529E-4A91-A76C-367535B8A6D7}.Release|x64.ActiveCfg = Release|x64
		{7C9526A0-529E-4A91-A76C-367535B8A6D7}.Release|x64.Build.0 = Release|x64
		{7C9526A0-529E-4A91-A76C-367535B8A6D7}.Release|x86.ActiveCfg = Release|Win32
	EndGlobalSection
	GlobalSection(SolutionProperties) = preSolution
		HideSolutionNode = FALSE
	EndGlobalSection
	GlobalSection(NestedProjects) = preSolution
		{65B546B2-378D-4A83-9A4E-EC1A8A45069C} = {31685F6B-D1C8-4C06-91F8-ABA9C96AC20B}
		{E05C1D72-80B5-4B77-829D-CCE04D545F65} = {31685F6B-D1C8-4C06-91F8-ABA9C96AC20B}
		{FE5AAFEC-6C23-4179-8165-0720DD806688} = {31685F6B-D1C8-4C06-91F8-ABA9C96AC20B}
		{B9397654-166D-4D5C-AF78-43CEF6F6A906} = {F4173085-4B12-441F-A5F9-E9C2E01F5705}
		{2D8D74BA-12FD-47BE-A84F-D9BE25D60AB5} = {21F6E570-1521-453F-941A-1824E49AC0F1}
		{5F9D08C3-75CD-49AE-9F7D-F564AF67975A} = {21F6E570-1521-453F-941A-1824E49AC0F1}
		{C85D3FAD-7809-45E6-9302-DD9D3567B703} = {21F6E570-1521-453F-941A-1824E49AC0F1}
		{7C9526A0-529E-4A91-A76C-367535B8A6D7} = {21F6E570-1521-453F-941A-1824E49AC0F1}
	EndGlobalSection
EndGlobal
